// !$*UTF8*$!
{
	archiveVersion = 1;
	classes = {
	};
	objectVersion = 48;
	objects = {

/* Begin PBXBuildFile section */
		787ED9731F73B6B100A90AEE /* AppDelegate.swift in Sources */ = {isa = PBXBuildFile; fileRef = 787ED9721F73B6B100A90AEE /* AppDelegate.swift */; };
		787ED9751F73B6B100A90AEE /* CategoriesVC.swift in Sources */ = {isa = PBXBuildFile; fileRef = 787ED9741F73B6B100A90AEE /* CategoriesVC.swift */; };
		787ED9781F73B6B100A90AEE /* Main.storyboard in Resources */ = {isa = PBXBuildFile; fileRef = 787ED9761F73B6B100A90AEE /* Main.storyboard */; };
		787ED97A1F73B6B100A90AEE /* Assets.xcassets in Resources */ = {isa = PBXBuildFile; fileRef = 787ED9791F73B6B100A90AEE /* Assets.xcassets */; };
		787ED97D1F73B6B100A90AEE /* LaunchScreen.storyboard in Resources */ = {isa = PBXBuildFile; fileRef = 787ED97B1F73B6B100A90AEE /* LaunchScreen.storyboard */; };
		787ED9881F73BD1D00A90AEE /* CategoryCell.swift in Sources */ = {isa = PBXBuildFile; fileRef = 787ED9871F73BD1D00A90AEE /* CategoryCell.swift */; };
		787ED98A1F73C0DB00A90AEE /* Category.swift in Sources */ = {isa = PBXBuildFile; fileRef = 787ED9891F73C0DB00A90AEE /* Category.swift */; };
		787ED98D1F73C30100A90AEE /* DataService.swift in Sources */ = {isa = PBXBuildFile; fileRef = 787ED98C1F73C30100A90AEE /* DataService.swift */; };
		787ED98F1F73DD9B00A90AEE /* ProductCell.swift in Sources */ = {isa = PBXBuildFile; fileRef = 787ED98E1F73DD9B00A90AEE /* ProductCell.swift */; };
/* End PBXBuildFile section */

/* Begin PBXFileReference section */
		787ED96F1F73B6B100A90AEE /* myCoderSwag.app */ = {isa = PBXFileReference; explicitFileType = wrapper.application; includeInIndex = 0; path = myCoderSwag.app; sourceTree = BUILT_PRODUCTS_DIR; };
		787ED9721F73B6B100A90AEE /* AppDelegate.swift */ = {isa = PBXFileReference; lastKnownFileType = sourcecode.swift; path = AppDelegate.swift; sourceTree = "<group>"; };
		787ED9741F73B6B100A90AEE /* CategoriesVC.swift */ = {isa = PBXFileReference; lastKnownFileType = sourcecode.swift; path = CategoriesVC.swift; sourceTree = "<group>"; };
		787ED9771F73B6B100A90AEE /* Base */ = {isa = PBXFileReference; lastKnownFileType = file.storyboard; name = Base; path = Base.lproj/Main.storyboard; sourceTree = "<group>"; };
		787ED9791F73B6B100A90AEE /* Assets.xcassets */ = {isa = PBXFileReference; lastKnownFileType = folder.assetcatalog; path = Assets.xcassets; sourceTree = "<group>"; };
		787ED97C1F73B6B100A90AEE /* Base */ = {isa = PBXFileReference; lastKnownFileType = file.storyboard; name = Base; path = Base.lproj/LaunchScreen.storyboard; sourceTree = "<group>"; };
		787ED97E1F73B6B100A90AEE /* Info.plist */ = {isa = PBXFileReference; lastKnownFileType = text.plist.xml; path = Info.plist; sourceTree = "<group>"; };
		787ED9871F73BD1D00A90AEE /* CategoryCell.swift */ = {isa = PBXFileReference; lastKnownFileType = sourcecode.swift; path = CategoryCell.swift; sourceTree = "<group>"; };
		787ED9891F73C0DB00A90AEE /* Category.swift */ = {isa = PBXFileReference; lastKnownFileType = sourcecode.swift; path = Category.swift; sourceTree = "<group>"; };
		787ED98C1F73C30100A90AEE /* DataService.swift */ = {isa = PBXFileReference; lastKnownFileType = sourcecode.swift; path = DataService.swift; sourceTree = "<group>"; };
		787ED98E1F73DD9B00A90AEE /* ProductCell.swift */ = {isa = PBXFileReference; lastKnownFileType = sourcecode.swift; path = ProductCell.swift; sourceTree = "<group>"; };
/* End PBXFileReference section */

/* Begin PBXFrameworksBuildPhase section */
		787ED96C1F73B6B100A90AEE /* Frameworks */ = {
			isa = PBXFrameworksBuildPhase;
			buildActionMask = 2147483647;
			files = (
			);
			runOnlyForDeploymentPostprocessing = 0;
		};
/* End PBXFrameworksBuildPhase section */

/* Begin PBXGroup section */
		787ED9661F73B6B100A90AEE = {
			isa = PBXGroup;
			children = (
				787ED9711F73B6B100A90AEE /* myCoderSwag */,
				787ED9701F73B6B100A90AEE /* Products */,
			);
			sourceTree = "<group>";
		};
		787ED9701F73B6B100A90AEE /* Products */ = {
			isa = PBXGroup;
			children = (
				787ED96F1F73B6B100A90AEE /* myCoderSwag.app */,
			);
			name = Products;
			sourceTree = "<group>";
		};
		787ED9711F73B6B100A90AEE /* myCoderSwag */ = {
			isa = PBXGroup;
			children = (
				787ED98B1F73C2E200A90AEE /* Service */,
				787ED9861F73BC0B00A90AEE /* VIEWS */,
				787ED9851F73BC0300A90AEE /* MODELS */,
				787ED9841F73BBFC00A90AEE /* CONTROLLER */,
				787ED9721F73B6B100A90AEE /* AppDelegate.swift */,
				787ED9761F73B6B100A90AEE /* Main.storyboard */,
				787ED9791F73B6B100A90AEE /* Assets.xcassets */,
				787ED97B1F73B6B100A90AEE /* LaunchScreen.storyboard */,
				787ED97E1F73B6B100A90AEE /* Info.plist */,
			);
			path = myCoderSwag;
			sourceTree = "<group>";
		};
		787ED9841F73BBFC00A90AEE /* CONTROLLER */ = {
			isa = PBXGroup;
			children = (
				787ED9741F73B6B100A90AEE /* CategoriesVC.swift */,
			);
			path = CONTROLLER;
			sourceTree = "<group>";
		};
		787ED9851F73BC0300A90AEE /* MODELS */ = {
			isa = PBXGroup;
			children = (
				787ED9891F73C0DB00A90AEE /* Category.swift */,
			);
			path = MODELS;
			sourceTree = "<group>";
		};
		787ED9861F73BC0B00A90AEE /* VIEWS */ = {
			isa = PBXGroup;
			children = (
				787ED9871F73BD1D00A90AEE /* CategoryCell.swift */,
				787ED98E1F73DD9B00A90AEE /* ProductCell.swift */,
			);
			path = VIEWS;
			sourceTree = "<group>";
		};
		787ED98B1F73C2E200A90AEE /* Service */ = {
			isa = PBXGroup;
			children = (
				787ED98C1F73C30100A90AEE /* DataService.swift */,
			);
			path = Service;
			sourceTree = "<group>";
		};
/* End PBXGroup section */

/* Begin PBXNativeTarget section */
		787ED96E1F73B6B100A90AEE /* myCoderSwag */ = {
			isa = PBXNativeTarget;
			buildConfigurationList = 787ED9811F73B6B100A90AEE /* Build configuration list for PBXNativeTarget "myCoderSwag" */;
			buildPhases = (
				787ED96B1F73B6B100A90AEE /* Sources */,
				787ED96C1F73B6B100A90AEE /* Frameworks */,
				787ED96D1F73B6B100A90AEE /* Resources */,
			);
			buildRules = (
			);
			dependencies = (
			);
			name = myCoderSwag;
			productName = myCoderSwag;
			productReference = 787ED96F1F73B6B100A90AEE /* myCoderSwag.app */;
			productType = "com.apple.product-type.application";
		};
/* End PBXNativeTarget section */

/* Begin PBXProject section */
		787ED9671F73B6B100A90AEE /* Project object */ = {
			isa = PBXProject;
			attributes = {
				LastSwiftUpdateCheck = 0900;
				LastUpgradeCheck = 0900;
				ORGANIZATIONNAME = "Gabriel Abraham";
				TargetAttributes = {
					787ED96E1F73B6B100A90AEE = {
						CreatedOnToolsVersion = 9.0;
						ProvisioningStyle = Automatic;
					};
				};
			};
			buildConfigurationList = 787ED96A1F73B6B100A90AEE /* Build configuration list for PBXProject "myCoderSwag" */;
			compatibilityVersion = "Xcode 8.0";
			developmentRegion = en;
			hasScannedForEncodings = 0;
			knownRegions = (
				en,
				Base,
			);
			mainGroup = 787ED9661F73B6B100A90AEE;
			productRefGroup = 787ED9701F73B6B100A90AEE /* Products */;
			projectDirPath = "";
			projectRoot = "";
			targets = (
				787ED96E1F73B6B100A90AEE /* myCoderSwag */,
			);
		};
/* End PBXProject section */

/* Begin PBXResourcesBuildPhase section */
		787ED96D1F73B6B100A90AEE /* Resources */ = {
			isa = PBXResourcesBuildPhase;
			buildActionMask = 2147483647;
			files = (
				787ED97D1F73B6B100A90AEE /* LaunchScreen.storyboard in Resources */,
				787ED97A1F73B6B100A90AEE /* Assets.xcassets in Resources */,
				787ED9781F73B6B100A90AEE /* Main.storyboard in Resources */,
			);
			runOnlyForDeploymentPostprocessing = 0;
		};
/* End PBXResourcesBuildPhase section */

/* Begin PBXSourcesBuildPhase section */
		787ED96B1F73B6B100A90AEE /* Sources */ = {
			isa = PBXSourcesBuildPhase;
			buildActionMask = 2147483647;
			files = (
				787ED9751F73B6B100A90AEE /* CategoriesVC.swift in Sources */,
				787ED9731F73B6B100A90AEE /* AppDelegate.swift in Sources */,
				787ED9881F73BD1D00A90AEE /* CategoryCell.swift in Sources */,
				787ED98F1F73DD9B00A90AEE /* ProductCell.swift in Sources */,
				787ED98A1F73C0DB00A90AEE /* Category.swift in Sources */,
				787ED98D1F73C30100A90AEE /* DataService.swift in Sources */,
			);
			runOnlyForDeploymentPostprocessing = 0;
		};
/* End PBXSourcesBuildPhase section */

/* Begin PBXVariantGroup section */
		787ED9761F73B6B100A90AEE /* Main.storyboard */ = {
			isa = PBXVariantGroup;
			children = (
				787ED9771F73B6B100A90AEE /* Base */,
			);
			name = Main.storyboard;
			sourceTree = "<group>";
		};
		787ED97B1F73B6B100A90AEE /* LaunchScreen.storyboard */ = {
			isa = PBXVariantGroup;
			children = (
				787ED97C1F73B6B100A90AEE /* Base */,
			);
			name = LaunchScreen.storyboard;
			sourceTree = "<group>";
		};
/* End PBXVariantGroup section */

/* Begin XCBuildConfiguration section */
		787ED97F1F73B6B100A90AEE /* Debug */ = {
			isa = XCBuildConfiguration;
			buildSettings = {
				ALWAYS_SEARCH_USER_PATHS = NO;
				CLANG_ANALYZER_NONNULL = YES;
				CLANG_ANALYZER_NUMBER_OBJECT_CONVERSION = YES_AGGRESSIVE;
				CLANG_CXX_LANGUAGE_STANDARD = "gnu++14";
				CLANG_CXX_LIBRARY = "libc++";
				CLANG_ENABLE_MODULES = YES;
				CLANG_ENABLE_OBJC_ARC = YES;
				CLANG_WARN_BLOCK_CAPTURE_AUTORELEASING = YES;
				CLANG_WARN_BOOL_CONVERSION = YES;
				CLANG_WARN_COMMA = YES;
				CLANG_WARN_CONSTANT_CONVERSION = YES;
				CLANG_WARN_DIRECT_OBJC_ISA_USAGE = YES_ERROR;
				CLANG_WARN_DOCUMENTATION_COMMENTS = YES;
				CLANG_WARN_EMPTY_BODY = YES;
				CLANG_WARN_ENUM_CONVERSION = YES;
				CLANG_WARN_INFINITE_RECURSION = YES;
				CLANG_WARN_INT_CONVERSION = YES;
				CLANG_WARN_NON_LITERAL_NULL_CONVERSION = YES;
				CLANG_WARN_OBJC_LITERAL_CONVERSION = YES;
				CLANG_WARN_OBJC_ROOT_CLASS = YES_ERROR;
				CLANG_WARN_RANGE_LOOP_ANALYSIS = YES;
				CLANG_WARN_STRICT_PROTOTYPES = YES;
				CLANG_WARN_SUSPICIOUS_MOVE = YES;
				CLANG_WARN_UNGUARDED_AVAILABILITY = YES_AGGRESSIVE;
				CLANG_WARN_UNREACHABLE_CODE = YES;
				CLANG_WARN__DUPLICATE_METHOD_MATCH = YES;
				CODE_SIGN_IDENTITY = "iPhone Developer";
				COPY_PHASE_STRIP = NO;
				DEBUG_INFORMATION_FORMAT = dwarf;
				ENABLE_STRICT_OBJC_MSGSEND = YES;
				ENABLE_TESTABILITY = YES;
				GCC_C_LANGUAGE_STANDARD = gnu11;
				GCC_DYNAMIC_NO_PIC = NO;
				GCC_NO_COMMON_BLOCKS = YES;
				GCC_OPTIMIZATION_LEVEL = 0;
				GCC_PREPROCESSOR_DEFINITIONS = (
					"DEBUG=1",
					"$(inherited)",
				);
				GCC_WARN_64_TO_32_BIT_CONVERSION = YES;
				GCC_WARN_ABOUT_RETURN_TYPE = YES_ERROR;
				GCC_WARN_UNDECLARED_SELECTOR = YES;
				GCC_WARN_UNINITIALIZED_AUTOS = YES_AGGRESSIVE;
				GCC_WARN_UNUSED_FUNCTION = YES;
				GCC_WARN_UNUSED_VARIABLE = YES;
				IPHONEOS_DEPLOYMENT_TARGET = 11.0;
				MTL_ENABLE_DEBUG_INFO = YES;
				ONLY_ACTIVE_ARCH = YES;
				SDKROOT = iphoneos;
				SWIFT_ACTIVE_COMPILATION_CONDITIONS = DEBUG;
				SWIFT_OPTIMIZATION_LEVEL = "-Onone";
			};
			name = Debug;
		};
		787ED9801F73B6B100A90AEE /* Release */ = {
			isa = XCBuildConfiguration;
			buildSettings = {
				ALWAYS_SEARCH_USER_PATHS = NO;
				CLANG_ANALYZER_NONNULL = YES;
				CLANG_ANALYZER_NUMBER_OBJECT_CONVERSION = YES_AGGRESSIVE;
				CLANG_CXX_LANGUAGE_STANDARD = "gnu++14";
				CLANG_CXX_LIBRARY = "libc++";
				CLANG_ENABLE_MODULES = YES;
				CLANG_ENABLE_OBJC_ARC = YES;
				CLANG_WARN_BLOCK_CAPTURE_AUTORELEASING = YES;
				CLANG_WARN_BOOL_CONVERSION = YES;
				CLANG_WARN_COMMA = YES;
				CLANG_WARN_CONSTANT_CONVERSION = YES;
				CLANG_WARN_DIRECT_OBJC_ISA_USAGE = YES_ERROR;
				CLANG_WARN_DOCUMENTATION_COMMENTS = YES;
				CLANG_WARN_EMPTY_BODY = YES;
				CLANG_WARN_ENUM_CONVERSION = YES;
				CLANG_WARN_INFINITE_RECURSION = YES;
				CLANG_WARN_INT_CONVERSION = YES;
				CLANG_WARN_NON_LITERAL_NULL_CONVERSION = YES;
				CLANG_WARN_OBJC_LITERAL_CONVERSION = YES;
				CLANG_WARN_OBJC_ROOT_CLASS = YES_ERROR;
				CLANG_WARN_RANGE_LOOP_ANALYSIS = YES;
				CLANG_WARN_STRICT_PROTOTYPES = YES;
				CLANG_WARN_SUSPICIOUS_MOVE = YES;
				CLANG_WARN_UNGUARDED_AVAILABILITY = YES_AGGRESSIVE;
				CLANG_WARN_UNREACHABLE_CODE = YES;
				CLANG_WARN__DUPLICATE_METHOD_MATCH = YES;
				CODE_SIGN_IDENTITY = "iPhone Developer";
				COPY_PHASE_STRIP = NO;
				DEBUG_INFORMATION_FORMAT = "dwarf-with-dsym";
				ENABLE_NS_ASSERTIONS = NO;
				ENABLE_STRICT_OBJC_MSGSEND = YES;
				GCC_C_LANGUAGE_STANDARD = gnu11;
				GCC_NO_COMMON_BLOCKS = YES;
				GCC_WARN_64_TO_32_BIT_CONVERSION = YES;
				GCC_WARN_ABOUT_RETURN_TYPE = YES_ERROR;
				GCC_WARN_UNDECLARED_SELECTOR = YES;
				GCC_WARN_UNINITIALIZED_AUTOS = YES_AGGRESSIVE;
				GCC_WARN_UNUSED_FUNCTION = YES;
				GCC_WARN_UNUSED_VARIABLE = YES;
				IPHONEOS_DEPLOYMENT_TARGET = 11.0;
				MTL_ENABLE_DEBUG_INFO = NO;
				SDKROOT = iphoneos;
				SWIFT_OPTIMIZATION_LEVEL = "-Owholemodule";
				VALIDATE_PRODUCT = YES;
			};
			name = Release;
		};
		787ED9821F73B6B100A90AEE /* Debug */ = {
			isa = XCBuildConfiguration;
			buildSettings = {
				ASSETCATALOG_COMPILER_APPICON_NAME = AppIcon;
				CODE_SIGN_STYLE = Automatic;
				DEVELOPMENT_TEAM = 5VQC4X74U9;
				INFOPLIST_FILE = myCoderSwag/Info.plist;
				LD_RUNPATH_SEARCH_PATHS = "$(inherited) @executable_path/Frameworks";
				PRODUCT_BUNDLE_IDENTIFIER = com.Gabriel.myCoderSwag;
				PRODUCT_NAME = "$(TARGET_NAME)";
				SWIFT_VERSION = 4.0;
				TARGETED_DEVICE_FAMILY = "1,2";
			};
			name = Debug;
		};
		787ED9831F73B6B100A90AEE /* Release */ = {
			isa = XCBuildConfiguration;
			buildSettings = {
				ASSETCATALOG_COMPILER_APPICON_NAME = AppIcon;
				CODE_SIGN_STYLE = Automatic;
				DEVELOPMENT_TEAM = 5VQC4X74U9;
				INFOPLIST_FILE = myCoderSwag/Info.plist;
				LD_RUNPATH_SEARCH_PATHS = "$(inherited) @executable_path/Frameworks";
				PRODUCT_BUNDLE_IDENTIFIER = com.Gabriel.myCoderSwag;
				PRODUCT_NAME = "$(TARGET_NAME)";
				SWIFT_VERSION = 4.0;
				TARGETED_DEVICE_FAMILY = "1,2";
			};
			name = Release;
		};
/* End XCBuildConfiguration section */

/* Begin XCConfigurationList section */
		787ED96A1F73B6B100A90AEE /* Build configuration list for PBXProject "myCoderSwag" */ = {
			isa = XCConfigurationList;
			buildConfigurations = (
				787ED97F1F73B6B100A90AEE /* Debug */,
				787ED9801F73B6B100A90AEE /* Release */,
			);
			defaultConfigurationIsVisible = 0;
			defaultConfigurationName = Release;
		};
		787ED9811F73B6B100A90AEE /* Build configuration list for PBXNativeTarget "myCoderSwag" */ = {
			isa = XCConfigurationList;
			buildConfigurations = (
				787ED9821F73B6B100A90AEE /* Debug */,
				787ED9831F73B6B100A90AEE /* Release */,
			);
			defaultConfigurationIsVisible = 0;
			defaultConfigurationName = Release;
		};
/* End XCConfigurationList section */
	};
	rootObject = 787ED9671F73B6B100A90AEE /* Project object */;
}
